// !$*UTF8*$!
{
	archiveVersion = 1;
	classes = {
	};
	objectVersion = 56;
	objects = {

/* Begin PBXBuildFile section */
		5CA827276D9F72A4E3CED352 /* MusicNotation.html in Resources */ = {isa = PBXBuildFile; fileRef = 95ECB0758B48796D0194CE14 /* MusicNotation.html */; };
		AA000001 /* YlapianoApp.swift in Sources */ = {isa = PBXBuildFile; fileRef = AB000001 /* YlapianoApp.swift */; };
		AA000002 /* ContentView.swift in Sources */ = {isa = PBXBuildFile; fileRef = AB000002 /* ContentView.swift */; };
		AA000003 /* Assets.xcassets in Resources */ = {isa = PBXBuildFile; fileRef = AB000003 /* Assets.xcassets */; };
		AA000004 /* Song.swift in Sources */ = {isa = PBXBuildFile; fileRef = AB000004 /* Song.swift */; };
		AA000005 /* HomeScreen.swift in Sources */ = {isa = PBXBuildFile; fileRef = AB000005 /* HomeScreen.swift */; };
		AA000006 /* AddSongScreen.swift in Sources */ = {isa = PBXBuildFile; fileRef = AB000006 /* AddSongScreen.swift */; };
		AA000007 /* PlayerScreen.swift in Sources */ = {isa = PBXBuildFile; fileRef = AB000007 /* PlayerScreen.swift */; };
		AA000008 /* SheetMusicView.swift in Sources */ = {isa = PBXBuildFile; fileRef = AB000008 /* SheetMusicView.swift */; };
		AA000009 /* PianoKeyboardView.swift in Sources */ = {isa = PBXBuildFile; fileRef = AB000009 /* PianoKeyboardView.swift */; };
		AA000010 /* Metronome.swift in Sources */ = {isa = PBXBuildFile; fileRef = AB000010 /* Metronome.swift */; };
		AA000011 /* PitchDetector.swift in Sources */ = {isa = PBXBuildFile; fileRef = AB000011 /* PitchDetector.swift */; };
		AA000012 /* MetronomeBarView.swift in Sources */ = {isa = PBXBuildFile; fileRef = AB000012 /* MetronomeBarView.swift */; };
		AA000013 /* SongCardView.swift in Sources */ = {isa = PBXBuildFile; fileRef = AB000013 /* SongCardView.swift */; };
		AA000014 /* PlayerViewModel.swift in Sources */ = {isa = PBXBuildFile; fileRef = AB000014 /* PlayerViewModel.swift */; };
		AA000015 /* NoteEntryRow.swift in Sources */ = {isa = PBXBuildFile; fileRef = AB000015 /* NoteEntryRow.swift */; };
		AA000016 /* SeedData.swift in Sources */ = {isa = PBXBuildFile; fileRef = AB000016 /* SeedData.swift */; };
		AA000017 /* OnboardingView.swift in Sources */ = {isa = PBXBuildFile; fileRef = AB000018 /* OnboardingView.swift */; };
		AA000018 /* AudioClock.swift in Sources */ = {isa = PBXBuildFile; fileRef = AB000019 /* AudioClock.swift */; };
		AA000019 /* SpikeScene.swift in Sources */ = {isa = PBXBuildFile; fileRef = AB000020 /* SpikeScene.swift */; };
		AA000020 /* SpikeView.swift in Sources */ = {isa = PBXBuildFile; fileRef = AB000021 /* SpikeView.swift */; };
		AA00AS01 /* AudioSession.swift in Sources */ = {isa = PBXBuildFile; fileRef = AB00AS01 /* AudioSession.swift */; };
		AA00FNS1 /* FallingNotesScene.swift in Sources */ = {isa = PBXBuildFile; fileRef = AB00FNS1 /* FallingNotesScene.swift */; };
		AA00FNV1 /* FallingNotesView.swift in Sources */ = {isa = PBXBuildFile; fileRef = AB00FNV1 /* FallingNotesView.swift */; };
		AA00KL01 /* KeyboardLayout.swift in Sources */ = {isa = PBXBuildFile; fileRef = AB00KL01 /* KeyboardLayout.swift */; };
		AA00MI01 /* MIDIBridge.swift in Sources */ = {isa = PBXBuildFile; fileRef = AB00MI01 /* MIDIBridge.swift */; };
		AA00PS01 /* PianoSampler.swift in Sources */ = {isa = PBXBuildFile; fileRef = AB00PS01 /* PianoSampler.swift */; };
		AA00PT01 /* Pitch.swift in Sources */ = {isa = PBXBuildFile; fileRef = AB00PT01 /* Pitch.swift */; };
		AD000020 /* NotoMusic-Regular.ttf in Resources */ = {isa = PBXBuildFile; fileRef = AD000021 /* NotoMusic-Regular.ttf */; };
		B00000030000000000000003 /* SwiftMIDIIO in Frameworks */ = {isa = PBXBuildFile; productRef = B00000020000000000000002 /* SwiftMIDIIO */; };
		D9D9DB8B5A55104679BB27D9 /* abcjs-basic-min.js in Resources */ = {isa = PBXBuildFile; fileRef = AD646997735A00E870EDCD9B /* abcjs-basic-min.js */; };
		AE000101 /* PimResult1.mp4 in Resources */ = {isa = PBXBuildFile; fileRef = AE000111 /* PimResult1.mp4 */; };
		AE000102 /* PimResult2.mp4 in Resources */ = {isa = PBXBuildFile; fileRef = AE000112 /* PimResult2.mp4 */; };
		AE000103 /* PimResult3.mp4 in Resources */ = {isa = PBXBuildFile; fileRef = AE000113 /* PimResult3.mp4 */; };
		EA112EAB9027B0A007DF32C5 /* ABCMusicView.swift in Sources */ = {isa = PBXBuildFile; fileRef = AD5B0BBB0B3A88D01FCEF984 /* ABCMusicView.swift */; };
		BT000001 /* SongIdentityTests.swift in Sources */ = {isa = PBXBuildFile; fileRef = BT100001 /* SongIdentityTests.swift */; };
		BU000001 /* AddSongUITests.swift in Sources */ = {isa = PBXBuildFile; fileRef = BU100001 /* AddSongUITests.swift */; };
/* End PBXBuildFile section */

/* Begin PBXContainerItemProxy section */
		BT500001 /* PBXContainerItemProxy */ = {
			isa = PBXContainerItemProxy;
			containerPortal = AE000000 /* Project object */;
			proxyType = 1;
			remoteGlobalIDString = AE000001;
			remoteInfo = Ylapiano;
		};
		BU500001 /* PBXContainerItemProxy */ = {
			isa = PBXContainerItemProxy;
			containerPortal = AE000000 /* Project object */;
			proxyType = 1;
			remoteGlobalIDString = AE000001;
			remoteInfo = Ylapiano;
		};
/* End PBXContainerItemProxy section */

/* Begin PBXFileReference section */
		95ECB0758B48796D0194CE14 /* MusicNotation.html */ = {isa = PBXFileReference; lastKnownFileType = text.html; path = MusicNotation.html; sourceTree = "<group>"; };
		AB000000 /* Ylapiano.app */ = {isa = PBXFileReference; explicitFileType = wrapper.application; includeInIndex = 0; path = Ylapiano.app; sourceTree = BUILT_PRODUCTS_DIR; };
		AB000001 /* YlapianoApp.swift */ = {isa = PBXFileReference; lastKnownFileType = sourcecode.swift; path = YlapianoApp.swift; sourceTree = "<group>"; };
		AB000002 /* ContentView.swift */ = {isa = PBXFileReference; lastKnownFileType = sourcecode.swift; path = ContentView.swift; sourceTree = "<group>"; };
		AB000003 /* Assets.xcassets */ = {isa = PBXFileReference; lastKnownFileType = folder.assetcatalog; path = Assets.xcassets; sourceTree = "<group>"; };
		AB000004 /* Song.swift */ = {isa = PBXFileReference; lastKnownFileType = sourcecode.swift; path = Song.swift; sourceTree = "<group>"; };
		AB000005 /* HomeScreen.swift */ = {isa = PBXFileReference; lastKnownFileType = sourcecode.swift; path = HomeScreen.swift; sourceTree = "<group>"; };
		AB000006 /* AddSongScreen.swift */ = {isa = PBXFileReference; lastKnownFileType = sourcecode.swift; path = AddSongScreen.swift; sourceTree = "<group>"; };
		AB000007 /* PlayerScreen.swift */ = {isa = PBXFileReference; lastKnownFileType = sourcecode.swift; path = PlayerScreen.swift; sourceTree = "<group>"; };
		AB000008 /* SheetMusicView.swift */ = {isa = PBXFileReference; lastKnownFileType = sourcecode.swift; path = SheetMusicView.swift; sourceTree = "<group>"; };
		AB000009 /* PianoKeyboardView.swift */ = {isa = PBXFileReference; lastKnownFileType = sourcecode.swift; path = PianoKeyboardView.swift; sourceTree = "<group>"; };
		AB000010 /* Metronome.swift */ = {isa = PBXFileReference; lastKnownFileType = sourcecode.swift; path = Metronome.swift; sourceTree = "<group>"; };
		AB000011 /* PitchDetector.swift */ = {isa = PBXFileReference; lastKnownFileType = sourcecode.swift; path = PitchDetector.swift; sourceTree = "<group>"; };
		AB000012 /* MetronomeBarView.swift */ = {isa = PBXFileReference; lastKnownFileType = sourcecode.swift; path = MetronomeBarView.swift; sourceTree = "<group>"; };
		AB000013 /* SongCardView.swift */ = {isa = PBXFileReference; lastKnownFileType = sourcecode.swift; path = SongCardView.swift; sourceTree = "<group>"; };
		AB000014 /* PlayerViewModel.swift */ = {isa = PBXFileReference; lastKnownFileType = sourcecode.swift; path = PlayerViewModel.swift; sourceTree = "<group>"; };
		AB000015 /* NoteEntryRow.swift */ = {isa = PBXFileReference; lastKnownFileType = sourcecode.swift; path = NoteEntryRow.swift; sourceTree = "<group>"; };
		AB000016 /* SeedData.swift */ = {isa = PBXFileReference; lastKnownFileType = sourcecode.swift; path = SeedData.swift; sourceTree = "<group>"; };
		AB000017 /* Info.plist */ = {isa = PBXFileReference; lastKnownFileType = text.plist.xml; path = Info.plist; sourceTree = "<group>"; };
		AB000018 /* OnboardingView.swift */ = {isa = PBXFileReference; lastKnownFileType = sourcecode.swift; path = OnboardingView.swift; sourceTree = "<group>"; };
		AB000019 /* AudioClock.swift */ = {isa = PBXFileReference; lastKnownFileType = sourcecode.swift; path = AudioClock.swift; sourceTree = "<group>"; };
		AB000020 /* SpikeScene.swift */ = {isa = PBXFileReference; lastKnownFileType = sourcecode.swift; path = SpikeScene.swift; sourceTree = "<group>"; };
		AB000021 /* SpikeView.swift */ = {isa = PBXFileReference; lastKnownFileType = sourcecode.swift; path = SpikeView.swift; sourceTree = "<group>"; };
		AB00AS01 /* AudioSession.swift */ = {isa = PBXFileReference; lastKnownFileType = sourcecode.swift; path = AudioSession.swift; sourceTree = "<group>"; };
		AB00FNS1 /* FallingNotesScene.swift */ = {isa = PBXFileReference; lastKnownFileType = sourcecode.swift; path = FallingNotesScene.swift; sourceTree = "<group>"; };
		AB00FNV1 /* FallingNotesView.swift */ = {isa = PBXFileReference; lastKnownFileType = sourcecode.swift; path = FallingNotesView.swift; sourceTree = "<group>"; };
		AB00KL01 /* KeyboardLayout.swift */ = {isa = PBXFileReference; lastKnownFileType = sourcecode.swift; path = KeyboardLayout.swift; sourceTree = "<group>"; };
		AB00MI01 /* MIDIBridge.swift */ = {isa = PBXFileReference; lastKnownFileType = sourcecode.swift; path = MIDIBridge.swift; sourceTree = "<group>"; };
		AB00PS01 /* PianoSampler.swift */ = {isa = PBXFileReference; lastKnownFileType = sourcecode.swift; path = PianoSampler.swift; sourceTree = "<group>"; };
		AB00PT01 /* Pitch.swift */ = {isa = PBXFileReference; lastKnownFileType = sourcecode.swift; path = Pitch.swift; sourceTree = "<group>"; };
		AD000021 /* NotoMusic-Regular.ttf */ = {isa = PBXFileReference; lastKnownFileType = file; name = "NotoMusic-Regular.ttf"; path = "Resources/Fonts/NotoMusic-Regular.ttf"; sourceTree = "<group>"; };
		AD5B0BBB0B3A88D01FCEF984 /* ABCMusicView.swift */ = {isa = PBXFileReference; lastKnownFileType = sourcecode.swift; path = ABCMusicView.swift; sourceTree = "<group>"; };
		AD646997735A00E870EDCD9B /* abcjs-basic-min.js */ = {isa = PBXFileReference; lastKnownFileType = sourcecode.javascript; path = "abcjs-basic-min.js"; sourceTree = "<group>"; };
		AE000111 /* PimResult1.mp4 */ = {isa = PBXFileReference; lastKnownFileType = file; name = "PimResult1.mp4"; path = "Resources/Reward/PimResult1.mp4"; sourceTree = "<group>"; };
		AE000112 /* PimResult2.mp4 */ = {isa = PBXFileReference; lastKnownFileType = file; name = "PimResult2.mp4"; path = "Resources/Reward/PimResult2.mp4"; sourceTree = "<group>"; };
		AE000113 /* PimResult3.mp4 */ = {isa = PBXFileReference; lastKnownFileType = file; name = "PimResult3.mp4"; path = "Resources/Reward/PimResult3.mp4"; sourceTree = "<group>"; };
		BT100000 /* YlapianoTests.xctest */ = {isa = PBXFileReference; explicitFileType = wrapper.cfbundle; includeInIndex = 0; path = YlapianoTests.xctest; sourceTree = BUILT_PRODUCTS_DIR; };
		BT100001 /* SongIdentityTests.swift */ = {isa = PBXFileReference; lastKnownFileType = sourcecode.swift; path = SongIdentityTests.swift; sourceTree = "<group>"; };
		BU100000 /* YlapianoUITests.xctest */ = {isa = PBXFileReference; explicitFileType = wrapper.cfbundle; includeInIndex = 0; path = YlapianoUITests.xctest; sourceTree = BUILT_PRODUCTS_DIR; };
		BU100001 /* AddSongUITests.swift */ = {isa = PBXFileReference; lastKnownFileType = sourcecode.swift; path = AddSongUITests.swift; sourceTree = "<group>"; };
/* End PBXFileReference section */

/* Begin PBXFrameworksBuildPhase section */
		AC000001 /* Frameworks */ = {
			isa = PBXFrameworksBuildPhase;
			buildActionMask = 2147483647;
			files = (
				B00000030000000000000003 /* SwiftMIDIIO in Frameworks */,
			);
			runOnlyForDeploymentPostprocessing = 0;
		};
		BT200002 /* Frameworks */ = {
			isa = PBXFrameworksBuildPhase;
			buildActionMask = 2147483647;
			files = (
			);
			runOnlyForDeploymentPostprocessing = 0;
		};
		BU200002 /* Frameworks */ = {
			isa = PBXFrameworksBuildPhase;
			buildActionMask = 2147483647;
			files = (
			);
			runOnlyForDeploymentPostprocessing = 0;
		};
/* End PBXFrameworksBuildPhase section */

/* Begin PBXGroup section */
		AD000001 = {
			isa = PBXGroup;
			children = (
				AD000002 /* Ylapiano */,
				BT300001 /* YlapianoTests */,
				BU300001 /* YlapianoUITests */,
				AD000003 /* Products */,
			);
			sourceTree = "<group>";
		};
		AD000002 /* Ylapiano */ = {
			isa = PBXGroup;
			children = (
				AB000001 /* YlapianoApp.swift */,
				AB000002 /* ContentView.swift */,
				AB000017 /* Info.plist */,
				AD000004 /* Models */,
				AD000005 /* Views */,
				AD000006 /* ViewModels */,
				AD000007 /* Audio */,
				AD000008 /* Game */,
				AB000003 /* Assets.xcassets */,
				95ECB0758B48796D0194CE14 /* MusicNotation.html */,
				AD646997735A00E870EDCD9B /* abcjs-basic-min.js */,
				AD000021 /* NotoMusic-Regular.ttf */,
				AE000111 /* PimResult1.mp4 */,
				AE000112 /* PimResult2.mp4 */,
				AE000113 /* PimResult3.mp4 */,
			);
			path = Ylapiano;
			sourceTree = "<group>";
		};
		AD000003 /* Products */ = {
			isa = PBXGroup;
			children = (
				AB000000 /* Ylapiano.app */,
				BT100000 /* YlapianoTests.xctest */,
				BU100000 /* YlapianoUITests.xctest */,
			);
			name = Products;
			sourceTree = "<group>";
		};
		BT300001 /* YlapianoTests */ = {
			isa = PBXGroup;
			children = (
				BT100001 /* SongIdentityTests.swift */,
			);
			path = YlapianoTests;
			sourceTree = "<group>";
		};
		BU300001 /* YlapianoUITests */ = {
			isa = PBXGroup;
			children = (
				BU100001 /* AddSongUITests.swift */,
			);
			path = YlapianoUITests;
			sourceTree = "<group>";
		};
		AD000004 /* Models */ = {
			isa = PBXGroup;
			children = (
				AB000004 /* Song.swift */,
				AB000016 /* SeedData.swift */,
			);
			path = Models;
			sourceTree = "<group>";
		};
		AD000005 /* Views */ = {
			isa = PBXGroup;
			children = (
				AB000005 /* HomeScreen.swift */,
				AB000006 /* AddSongScreen.swift */,
				AB000007 /* PlayerScreen.swift */,
				AB000008 /* SheetMusicView.swift */,
				AB000009 /* PianoKeyboardView.swift */,
				AB000012 /* MetronomeBarView.swift */,
				AB000013 /* SongCardView.swift */,
				AB000015 /* NoteEntryRow.swift */,
				AB000018 /* OnboardingView.swift */,
				AB000021 /* SpikeView.swift */,
				AD5B0BBB0B3A88D01FCEF984 /* ABCMusicView.swift */,
			);
			path = Views;
			sourceTree = "<group>";
		};
		AD000006 /* ViewModels */ = {
			isa = PBXGroup;
			children = (
				AB000014 /* PlayerViewModel.swift */,
			);
			path = ViewModels;
			sourceTree = "<group>";
		};
		AD000007 /* Audio */ = {
			isa = PBXGroup;
			children = (
				AB000010 /* Metronome.swift */,
				AB000011 /* PitchDetector.swift */,
				AB000019 /* AudioClock.swift */,
				AB00PT01 /* Pitch.swift */,
				AB00AS01 /* AudioSession.swift */,
				AB00PS01 /* PianoSampler.swift */,
				AB00MI01 /* MIDIBridge.swift */,
			);
			path = Audio;
			sourceTree = "<group>";
		};
		AD000008 /* Game */ = {
			isa = PBXGroup;
			children = (
				AB000020 /* SpikeScene.swift */,
				AB00KL01 /* KeyboardLayout.swift */,
				AB00FNS1 /* FallingNotesScene.swift */,
				AB00FNV1 /* FallingNotesView.swift */,
			);
			path = Game;
			sourceTree = "<group>";
		};
/* End PBXGroup section */

/* Begin PBXNativeTarget section */
		AE000001 /* Ylapiano */ = {
			isa = PBXNativeTarget;
			buildConfigurationList = AF000003 /* Build configuration list for PBXNativeTarget "Ylapiano" */;
			buildPhases = (
				AE000002 /* Sources */,
				AC000001 /* Frameworks */,
				AE000003 /* Resources */,
			);
			buildRules = (
			);
			dependencies = (
			);
			name = Ylapiano;
			packageProductDependencies = (
				B00000020000000000000002 /* SwiftMIDIIO */,
			);
			productName = Ylapiano;
			productReference = AB000000 /* Ylapiano.app */;
			productType = "com.apple.product-type.application";
		};
		BT400001 /* YlapianoTests */ = {
			isa = PBXNativeTarget;
			buildConfigurationList = BT800001 /* Build configuration list for PBXNativeTarget "YlapianoTests" */;
			buildPhases = (
				BT200001 /* Sources */,
				BT200002 /* Frameworks */,
			);
			buildRules = (
			);
			dependencies = (
				BT600001 /* PBXTargetDependency */,
			);
			name = YlapianoTests;
			productName = YlapianoTests;
			productReference = BT100000 /* YlapianoTests.xctest */;
			productType = "com.apple.product-type.bundle.unit-test";
		};
/* End PBXNativeTarget section */

		BU400001 /* YlapianoUITests */ = {
			isa = PBXNativeTarget;
			buildConfigurationList = BU800001 /* Build configuration list for PBXNativeTarget "YlapianoUITests" */;
			buildPhases = (
				BU200001 /* Sources */,
				BU200002 /* Frameworks */,
			);
			buildRules = (
			);
			dependencies = (
				BU600001 /* PBXTargetDependency */,
			);
			name = YlapianoUITests;
			productName = YlapianoUITests;
			productReference = BU100000 /* YlapianoUITests.xctest */;
			productType = "com.apple.product-type.bundle.ui-testing";
		};

/* Begin PBXTargetDependency section */
		BT600001 /* PBXTargetDependency */ = {
			isa = PBXTargetDependency;
			target = AE000001 /* Ylapiano */;
			targetProxy = BT500001 /* PBXContainerItemProxy */;
		};
		BU600001 /* PBXTargetDependency */ = {
			isa = PBXTargetDependency;
			target = AE000001 /* Ylapiano */;
			targetProxy = BU500001 /* PBXContainerItemProxy */;
		};
/* End PBXTargetDependency section */

/* Begin PBXProject section */
		AE000000 /* Project object */ = {
			isa = PBXProject;
			attributes = {
				BuildIndependentTargetsInParallel = 1;
				LastSwiftUpdateCheck = 1500;
				LastUpgradeCheck = 1500;
				TargetAttributes = {
					AE000001 = {
						CreatedOnToolsVersion = 15.0;
					};
					BT400001 = {
						CreatedOnToolsVersion = 15.0;
						TestTargetID = AE000001;
					};
					BU400001 = {
						CreatedOnToolsVersion = 15.0;
						TestTargetID = AE000001;
					};
				};
			};
			buildConfigurationList = AF000001 /* Build configuration list for PBXProject "Ylapiano" */;
			compatibilityVersion = "Xcode 14.0";
			developmentRegion = en;
			hasScannedForEncodings = 0;
			knownRegions = (
				en,
				es,
				Base,
			);
			mainGroup = AD000001;
			packageReferences = (
				B00000010000000000000001 /* XCRemoteSwiftPackageReference "swift-midi-io" */,
			);
			productRefGroup = AD000003 /* Products */;
			projectDirPath = "";
			projectRoot = "";
			targets = (
				AE000001 /* Ylapiano */,
				BT400001 /* YlapianoTests */,
				BU400001 /* YlapianoUITests */,
			);
		};
/* End PBXProject section */

/* Begin PBXResourcesBuildPhase section */
		AE000003 /* Resources */ = {
			isa = PBXResourcesBuildPhase;
			buildActionMask = 2147483647;
			files = (
				AA000003 /* Assets.xcassets in Resources */,
				5CA827276D9F72A4E3CED352 /* MusicNotation.html in Resources */,
				D9D9DB8B5A55104679BB27D9 /* abcjs-basic-min.js in Resources */,
				AD000020 /* NotoMusic-Regular.ttf in Resources */,
				AE000101 /* PimResult1.mp4 in Resources */,
				AE000102 /* PimResult2.mp4 in Resources */,
				AE000103 /* PimResult3.mp4 in Resources */,
			);
			runOnlyForDeploymentPostprocessing = 0;
		};
/* End PBXResourcesBuildPhase section */

/* Begin PBXSourcesBuildPhase section */
		AE000002 /* Sources */ = {
			isa = PBXSourcesBuildPhase;
			buildActionMask = 2147483647;
			files = (
				AA000001 /* YlapianoApp.swift in Sources */,
				AA000002 /* ContentView.swift in Sources */,
				AA000004 /* Song.swift in Sources */,
				AA000005 /* HomeScreen.swift in Sources */,
				AA000006 /* AddSongScreen.swift in Sources */,
				AA000007 /* PlayerScreen.swift in Sources */,
				AA000008 /* SheetMusicView.swift in Sources */,
				AA000009 /* PianoKeyboardView.swift in Sources */,
				AA000010 /* Metronome.swift in Sources */,
				AA000011 /* PitchDetector.swift in Sources */,
				AA000012 /* MetronomeBarView.swift in Sources */,
				AA000013 /* SongCardView.swift in Sources */,
				AA000014 /* PlayerViewModel.swift in Sources */,
				AA000015 /* NoteEntryRow.swift in Sources */,
				AA000016 /* SeedData.swift in Sources */,
				AA000017 /* OnboardingView.swift in Sources */,
				AA000018 /* AudioClock.swift in Sources */,
				AA00PT01 /* Pitch.swift in Sources */,
				AA00AS01 /* AudioSession.swift in Sources */,
				AA00PS01 /* PianoSampler.swift in Sources */,
				AA00MI01 /* MIDIBridge.swift in Sources */,
				AA000019 /* SpikeScene.swift in Sources */,
				AA00KL01 /* KeyboardLayout.swift in Sources */,
				AA00FNS1 /* FallingNotesScene.swift in Sources */,
				AA00FNV1 /* FallingNotesView.swift in Sources */,
				AA000020 /* SpikeView.swift in Sources */,
				EA112EAB9027B0A007DF32C5 /* ABCMusicView.swift in Sources */,
			);
			runOnlyForDeploymentPostprocessing = 0;
		};
		BT200001 /* Sources */ = {
			isa = PBXSourcesBuildPhase;
			buildActionMask = 2147483647;
			files = (
				BT000001 /* SongIdentityTests.swift in Sources */,
			);
			runOnlyForDeploymentPostprocessing = 0;
		};
		BU200001 /* Sources */ = {
			isa = PBXSourcesBuildPhase;
			buildActionMask = 2147483647;
			files = (
				BU000001 /* AddSongUITests.swift in Sources */,
			);
			runOnlyForDeploymentPostprocessing = 0;
		};
/* End PBXSourcesBuildPhase section */

/* Begin XCBuildConfiguration section */
		AF000004 /* Debug */ = {
			isa = XCBuildConfiguration;
			buildSettings = {
				ALWAYS_SEARCH_USER_PATHS = NO;
				CLANG_ANALYZER_NONNULL = YES;
				CLANG_CXX_LANGUAGE_STANDARD = "gnu++20";
				CLANG_ENABLE_MODULES = YES;
				CLANG_ENABLE_OBJC_ARC = YES;
				COPY_PHASE_STRIP = NO;
				DEBUG_INFORMATION_FORMAT = dwarf;
				ENABLE_STRICT_OBJC_MSGSEND = YES;
				ENABLE_TESTABILITY = YES;
				GCC_DYNAMIC_NO_PIC = NO;
				GCC_OPTIMIZATION_LEVEL = 0;
				GCC_PREPROCESSOR_DEFINITIONS = (
					"DEBUG=1",
					"$(inherited)",
				);
				GCC_WARN_ABOUT_RETURN_TYPE = YES_ERROR;
				GCC_WARN_UNINITIALIZED_AUTOS = YES_AGGRESSIVE;
				IPHONEOS_DEPLOYMENT_TARGET = 17.0;
				MTL_ENABLE_DEBUG_INFO = INCLUDE_SOURCE;
				ONLY_ACTIVE_ARCH = YES;
				SDKROOT = iphoneos;
				SWIFT_ACTIVE_COMPILATION_CONDITIONS = DEBUG;
				SWIFT_OPTIMIZATION_LEVEL = "-Onone";
			};
			name = Debug;
		};
		AF000005 /* Release */ = {
			isa = XCBuildConfiguration;
			buildSettings = {
				ALWAYS_SEARCH_USER_PATHS = NO;
				CLANG_ANALYZER_NONNULL = YES;
				CLANG_CXX_LANGUAGE_STANDARD = "gnu++20";
				CLANG_ENABLE_MODULES = YES;
				CLANG_ENABLE_OBJC_ARC = YES;
				COPY_PHASE_STRIP = NO;
				DEBUG_INFORMATION_FORMAT = "dwarf-with-dsym";
				ENABLE_NS_ASSERTIONS = NO;
				ENABLE_STRICT_OBJC_MSGSEND = YES;
				GCC_WARN_ABOUT_RETURN_TYPE = YES_ERROR;
				GCC_WARN_UNINITIALIZED_AUTOS = YES_AGGRESSIVE;
				IPHONEOS_DEPLOYMENT_TARGET = 17.0;
				MTL_ENABLE_DEBUG_INFO = NO;
				SDKROOT = iphoneos;
				SWIFT_COMPILATION_MODE = wholemodule;
				SWIFT_OPTIMIZATION_LEVEL = "-O";
				VALIDATE_PRODUCT = YES;
			};
			name = Release;
		};
		AF000006 /* Debug */ = {
			isa = XCBuildConfiguration;
			buildSettings = {
				ASSETCATALOG_COMPILER_APPICON_NAME = AppIcon;
				ASSETCATALOG_COMPILER_GLOBAL_ACCENT_COLOR_NAME = AccentColor;
				CODE_SIGN_STYLE = Automatic;
				CURRENT_PROJECT_VERSION = 8;
				DEVELOPMENT_ASSET_PATHS = "\"Ylapiano/Preview Content\"";
				DEVELOPMENT_TEAM = K6QC8Q3253;
				ENABLE_PREVIEWS = YES;
				GENERATE_INFOPLIST_FILE = YES;
				INFOPLIST_FILE = Ylapiano/Info.plist;
				INFOPLIST_KEY_CFBundleDisplayName = "y la piano";
				INFOPLIST_KEY_LSApplicationCategoryType = "public.app-category.educational-games";
				INFOPLIST_KEY_NSMicrophoneUsageDescription = "Y La Piano needs microphone access to listen to the piano and detect which notes you play.";
				INFOPLIST_KEY_UIApplicationSceneManifest_Generation = YES;
				INFOPLIST_KEY_UILaunchScreen_Generation = YES;
				INFOPLIST_KEY_UIStatusBarHidden = NO;
				INFOPLIST_KEY_UISupportedInterfaceOrientations = "UIInterfaceOrientationPortrait UIInterfaceOrientationPortraitUpsideDown UIInterfaceOrientationLandscapeLeft UIInterfaceOrientationLandscapeRight";
				INFOPLIST_KEY_UISupportedInterfaceOrientations_iPad = "UIInterfaceOrientationPortrait UIInterfaceOrientationPortraitUpsideDown UIInterfaceOrientationLandscapeLeft UIInterfaceOrientationLandscapeRight";
				LD_RUNPATH_SEARCH_PATHS = (
					"$(inherited)",
					"@executable_path/Frameworks",
				);
				MARKETING_VERSION = 1.4.8;
				PRODUCT_BUNDLE_IDENTIFIER = com.ylapiano.app;
				PRODUCT_NAME = "$(TARGET_NAME)";
				SUPPORTED_PLATFORMS = "iphoneos iphonesimulator";
				SUPPORTS_MACCATALYST = NO;
				SWIFT_EMIT_LOC_STRINGS = YES;
				SWIFT_VERSION = 5.9;
				TARGETED_DEVICE_FAMILY = 2;
			};
			name = Debug;
		};
		AF000007 /* Release */ = {
			isa = XCBuildConfiguration;
			buildSettings = {
				ASSETCATALOG_COMPILER_APPICON_NAME = AppIcon;
				ASSETCATALOG_COMPILER_GLOBAL_ACCENT_COLOR_NAME = AccentColor;
				CODE_SIGN_STYLE = Automatic;
				CURRENT_PROJECT_VERSION = 8;
				DEVELOPMENT_ASSET_PATHS = "\"Ylapiano/Preview Content\"";
				DEVELOPMENT_TEAM = K6QC8Q3253;
				ENABLE_PREVIEWS = YES;
				GENERATE_INFOPLIST_FILE = YES;
				INFOPLIST_FILE = Ylapiano/Info.plist;
				INFOPLIST_KEY_CFBundleDisplayName = "y la piano";
				INFOPLIST_KEY_LSApplicationCategoryType = "public.app-category.educational-games";
				INFOPLIST_KEY_NSMicrophoneUsageDescription = "Y La Piano needs microphone access to listen to the piano and detect which notes you play.";
				INFOPLIST_KEY_UIApplicationSceneManifest_Generation = YES;
				INFOPLIST_KEY_UILaunchScreen_Generation = YES;
				INFOPLIST_KEY_UIStatusBarHidden = NO;
				INFOPLIST_KEY_UISupportedInterfaceOrientations = "UIInterfaceOrientationPortrait UIInterfaceOrientationPortraitUpsideDown UIInterfaceOrientationLandscapeLeft UIInterfaceOrientationLandscapeRight";
				INFOPLIST_KEY_UISupportedInterfaceOrientations_iPad = "UIInterfaceOrientationPortrait UIInterfaceOrientationPortraitUpsideDown UIInterfaceOrientationLandscapeLeft UIInterfaceOrientationLandscapeRight";
				LD_RUNPATH_SEARCH_PATHS = (
					"$(inherited)",
					"@executable_path/Frameworks",
				);
				MARKETING_VERSION = 1.4.8;
				PRODUCT_BUNDLE_IDENTIFIER = com.ylapiano.app;
				PRODUCT_NAME = "$(TARGET_NAME)";
				SUPPORTED_PLATFORMS = "iphoneos iphonesimulator";
				SUPPORTS_MACCATALYST = NO;
				SWIFT_EMIT_LOC_STRINGS = YES;
				SWIFT_VERSION = 5.9;
				TARGETED_DEVICE_FAMILY = 2;
			};
			name = Release;
		};
		BT700001 /* Debug */ = {
			isa = XCBuildConfiguration;
			buildSettings = {
				BUNDLE_LOADER = "$(TEST_HOST)";
				CODE_SIGN_STYLE = Automatic;
				CURRENT_PROJECT_VERSION = 1;
				DEVELOPMENT_TEAM = K6QC8Q3253;
				GENERATE_INFOPLIST_FILE = YES;
				IPHONEOS_DEPLOYMENT_TARGET = 17.0;
				MARKETING_VERSION = 1.0;
				PRODUCT_BUNDLE_IDENTIFIER = com.ylapiano.app.tests;
				PRODUCT_NAME = "$(TARGET_NAME)";
				SUPPORTED_PLATFORMS = "iphoneos iphonesimulator";
				SWIFT_EMIT_LOC_STRINGS = NO;
				SWIFT_VERSION = 5.9;
				TARGETED_DEVICE_FAMILY = 2;
				TEST_HOST = "$(BUILT_PRODUCTS_DIR)/Ylapiano.app/$(BUNDLE_EXECUTABLE_FOLDER_PATH)/Ylapiano";
			};
			name = Debug;
		};
		BT700002 /* Release */ = {
			isa = XCBuildConfiguration;
			buildSettings = {
				BUNDLE_LOADER = "$(TEST_HOST)";
				CODE_SIGN_STYLE = Automatic;
				CURRENT_PROJECT_VERSION = 1;
				DEVELOPMENT_TEAM = K6QC8Q3253;
				GENERATE_INFOPLIST_FILE = YES;
				IPHONEOS_DEPLOYMENT_TARGET = 17.0;
				MARKETING_VERSION = 1.0;
				PRODUCT_BUNDLE_IDENTIFIER = com.ylapiano.app.tests;
				PRODUCT_NAME = "$(TARGET_NAME)";
				SUPPORTED_PLATFORMS = "iphoneos iphonesimulator";
				SWIFT_EMIT_LOC_STRINGS = NO;
				SWIFT_VERSION = 5.9;
				TARGETED_DEVICE_FAMILY = 2;
				TEST_HOST = "$(BUILT_PRODUCTS_DIR)/Ylapiano.app/$(BUNDLE_EXECUTABLE_FOLDER_PATH)/Ylapiano";
			};
			name = Release;
		};
		BU700001 /* Debug */ = {
			isa = XCBuildConfiguration;
			buildSettings = {
				CODE_SIGN_STYLE = Automatic;
				CURRENT_PROJECT_VERSION = 1;
				DEVELOPMENT_TEAM = K6QC8Q3253;
				GENERATE_INFOPLIST_FILE = YES;
				IPHONEOS_DEPLOYMENT_TARGET = 17.0;
				MARKETING_VERSION = 1.0;
				PRODUCT_BUNDLE_IDENTIFIER = com.ylapiano.app.uitests;
				PRODUCT_NAME = "$(TARGET_NAME)";
				SUPPORTED_PLATFORMS = "iphoneos iphonesimulator";
				SWIFT_EMIT_LOC_STRINGS = NO;
				SWIFT_VERSION = 5.9;
				TARGETED_DEVICE_FAMILY = 2;
				TEST_TARGET_NAME = Ylapiano;
			};
			name = Debug;
		};
		BU700002 /* Release */ = {
			isa = XCBuildConfiguration;
			buildSettings = {
				CODE_SIGN_STYLE = Automatic;
				CURRENT_PROJECT_VERSION = 1;
				DEVELOPMENT_TEAM = K6QC8Q3253;
				GENERATE_INFOPLIST_FILE = YES;
				IPHONEOS_DEPLOYMENT_TARGET = 17.0;
				MARKETING_VERSION = 1.0;
				PRODUCT_BUNDLE_IDENTIFIER = com.ylapiano.app.uitests;
				PRODUCT_NAME = "$(TARGET_NAME)";
				SUPPORTED_PLATFORMS = "iphoneos iphonesimulator";
				SWIFT_EMIT_LOC_STRINGS = NO;
				SWIFT_VERSION = 5.9;
				TARGETED_DEVICE_FAMILY = 2;
				TEST_TARGET_NAME = Ylapiano;
			};
			name = Release;
		};
/* End XCBuildConfiguration section */

/* Begin XCConfigurationList section */
		AF000001 /* Build configuration list for PBXProject "Ylapiano" */ = {
			isa = XCConfigurationList;
			buildConfigurations = (
				AF000004 /* Debug */,
				AF000005 /* Release */,
			);
			defaultConfigurationIsVisible = 0;
			defaultConfigurationName = Release;
		};
		AF000003 /* Build configuration list for PBXNativeTarget "Ylapiano" */ = {
			isa = XCConfigurationList;
			buildConfigurations = (
				AF000006 /* Debug */,
				AF000007 /* Release */,
			);
			defaultConfigurationIsVisible = 0;
			defaultConfigurationName = Release;
		};
		BT800001 /* Build configuration list for PBXNativeTarget "YlapianoTests" */ = {
			isa = XCConfigurationList;
			buildConfigurations = (
				BT700001 /* Debug */,
				BT700002 /* Release */,
			);
			defaultConfigurationIsVisible = 0;
			defaultConfigurationName = Release;
		};
		BU800001 /* Build configuration list for PBXNativeTarget "YlapianoUITests" */ = {
			isa = XCConfigurationList;
			buildConfigurations = (
				BU700001 /* Debug */,
				BU700002 /* Release */,
			);
			defaultConfigurationIsVisible = 0;
			defaultConfigurationName = Release;
		};
/* End XCConfigurationList section */

/* Begin XCRemoteSwiftPackageReference section */
		B00000010000000000000001 /* XCRemoteSwiftPackageReference "swift-midi-io" */ = {
			isa = XCRemoteSwiftPackageReference;
			repositoryURL = "https://github.com/orchetect/swift-midi-io";
			requirement = {
				kind = upToNextMajorVersion;
				minimumVersion = 1.1.0;
			};
		};
/* End XCRemoteSwiftPackageReference section */

/* Begin XCSwiftPackageProductDependency section */
		B00000020000000000000002 /* SwiftMIDIIO */ = {
			isa = XCSwiftPackageProductDependency;
			package = B00000010000000000000001 /* XCRemoteSwiftPackageReference "swift-midi-io" */;
			productName = SwiftMIDIIO;
		};
/* End XCSwiftPackageProductDependency section */
	};
	rootObject = AE000000 /* Project object */;
}
